
Microsoft Visual Studio Solution File, Format Version 10.00
# Visual Studio 2008
Project("{8BC9CEB8-8B4A-11D0-8D11-00A0C91BC942}") = "Storm", "Storm\Storm.vcproj", "{340BFE84-58B4-43CF-B711-5ED371ACD703}"
	ProjectSection(ProjectDependencies) = postProject
		{91B5B30D-AE8B-44E5-8FCC-49AF531495C4} = {91B5B30D-AE8B-44E5-8FCC-49AF531495C4}
		{00FE0B11-A891-47EB-8F42-A6F55326CCAB} = {00FE0B11-A891-47EB-8F42-A6F55326CCAB}
		{1521783C-F263-47D0-8A12-F9882B2ACBA0} = {1521783C-F263-47D0-8A12-F9882B2ACBA0}
	EndProjectSection
EndProject
Project("{8BC9CEB8-8B4A-11D0-8D11-00A0C91BC942}") = "Utils", "Utils\Utils.vcproj", "{91B5B30D-AE8B-44E5-8FCC-49AF531495C4}"
EndProject
Project("{8BC9CEB8-8B4A-11D0-8D11-00A0C91BC942}") = "Code", "Code\Code.vcproj", "{00FE0B11-A891-47EB-8F42-A6F55326CCAB}"
	ProjectSection(ProjectDependencies) = postProject
		{91B5B30D-AE8B-44E5-8FCC-49AF531495C4} = {91B5B30D-AE8B-44E5-8FCC-49AF531495C4}
	EndProjectSection
EndProject
Project("{8BC9CEB8-8B4A-11D0-8D11-00A0C91BC942}") = "CodeTest", "CodeTest\CodeTest.vcproj", "{557C31E8-683F-4B97-9E9A-70BFE496A5B7}"
	ProjectSection(ProjectDependencies) = postProject
		{00FE0B11-A891-47EB-8F42-A6F55326CCAB} = {00FE0B11-A891-47EB-8F42-A6F55326CCAB}
	EndProjectSection
EndProject
Project("{8BC9CEB8-8B4A-11D0-8D11-00A0C91BC942}") = "StormTest", "StormTest\StormTest.vcproj", "{CD876CBD-BCAA-4B83-8618-9EE9852FA74B}"
	ProjectSection(ProjectDependencies) = postProject
		{91B5B30D-AE8B-44E5-8FCC-49AF531495C4} = {91B5B30D-AE8B-44E5-8FCC-49AF531495C4}
		{546EFB3F-2D78-4B25-AFEF-0522A24E5B36} = {546EFB3F-2D78-4B25-AFEF-0522A24E5B36}
		{340BFE84-58B4-43CF-B711-5ED371ACD703} = {340BFE84-58B4-43CF-B711-5ED371ACD703}
	EndProjectSection
EndProject
Project("{8BC9CEB8-8B4A-11D0-8D11-00A0C91BC942}") = "StormBuiltin", "StormBuiltin\StormBuiltin.vcproj", "{1521783C-F263-47D0-8A12-F9882B2ACBA0}"
	ProjectSection(ProjectDependencies) = postProject
		{91B5B30D-AE8B-44E5-8FCC-49AF531495C4} = {91B5B30D-AE8B-44E5-8FCC-49AF531495C4}
	EndProjectSection
EndProject
Project("{8BC9CEB8-8B4A-11D0-8D11-00A0C91BC942}") = "StormMain", "StormMain\StormMain.vcproj", "{056F675F-2222-4A0B-AC19-C90A892E6079}"
	ProjectSection(ProjectDependencies) = postProject
		{340BFE84-58B4-43CF-B711-5ED371ACD703} = {340BFE84-58B4-43CF-B711-5ED371ACD703}
	EndProjectSection
EndProject
Project("{8BC9CEB8-8B4A-11D0-8D11-00A0C91BC942}") = "StormGui", "StormGui\StormGui.vcproj", "{546EFB3F-2D78-4B25-AFEF-0522A24E5B36}"
	ProjectSection(ProjectDependencies) = postProject
		{91B5B30D-AE8B-44E5-8FCC-49AF531495C4} = {91B5B30D-AE8B-44E5-8FCC-49AF531495C4}
		{00FE0B11-A891-47EB-8F42-A6F55326CCAB} = {00FE0B11-A891-47EB-8F42-A6F55326CCAB}
		{1521783C-F263-47D0-8A12-F9882B2ACBA0} = {1521783C-F263-47D0-8A12-F9882B2ACBA0}
	EndProjectSection
EndProject
Global
	GlobalSection(SolutionConfigurationPlatforms) = preSolution
		Debug|Win32 = Debug|Win32
		Release|Win32 = Release|Win32
	EndGlobalSection
	GlobalSection(ProjectConfigurationPlatforms) = postSolution
		{340BFE84-58B4-43CF-B711-5ED371ACD703}.Debug|Win32.ActiveCfg = Debug|Win32
		{340BFE84-58B4-43CF-B711-5ED371ACD703}.Debug|Win32.Build.0 = Debug|Win32
		{340BFE84-58B4-43CF-B711-5ED371ACD703}.Release|Win32.ActiveCfg = Release|Win32
		{340BFE84-58B4-43CF-B711-5ED371ACD703}.Release|Win32.Build.0 = Release|Win32
		{91B5B30D-AE8B-44E5-8FCC-49AF531495C4}.Debug|Win32.ActiveCfg = Debug|Win32
		{91B5B30D-AE8B-44E5-8FCC-49AF531495C4}.Debug|Win32.Build.0 = Debug|Win32
		{91B5B30D-AE8B-44E5-8FCC-49AF531495C4}.Release|Win32.ActiveCfg = Release|Win32
		{91B5B30D-AE8B-44E5-8FCC-49AF531495C4}.Release|Win32.Build.0 = Release|Win32
		{00FE0B11-A891-47EB-8F42-A6F55326CCAB}.Debug|Win32.ActiveCfg = Debug|Win32
		{00FE0B11-A891-47EB-8F42-A6F55326CCAB}.Debug|Win32.Build.0 = Debug|Win32
		{00FE0B11-A891-47EB-8F42-A6F55326CCAB}.Release|Win32.ActiveCfg = Release|Win32
		{00FE0B11-A891-47EB-8F42-A6F55326CCAB}.Release|Win32.Build.0 = Release|Win32
		{557C31E8-683F-4B97-9E9A-70BFE496A5B7}.Debug|Win32.ActiveCfg = Debug|Win32
		{557C31E8-683F-4B97-9E9A-70BFE496A5B7}.Debug|Win32.Build.0 = Debug|Win32
		{557C31E8-683F-4B97-9E9A-70BFE496A5B7}.Release|Win32.ActiveCfg = Release|Win32
		{557C31E8-683F-4B97-9E9A-70BFE496A5B7}.Release|Win32.Build.0 = Release|Win32
		{CD876CBD-BCAA-4B83-8618-9EE9852FA74B}.Debug|Win32.ActiveCfg = Debug|Win32
		{CD876CBD-BCAA-4B83-8618-9EE9852FA74B}.Debug|Win32.Build.0 = Debug|Win32
		{CD876CBD-BCAA-4B83-8618-9EE9852FA74B}.Release|Win32.ActiveCfg = Release|Win32
		{CD876CBD-BCAA-4B83-8618-9EE9852FA74B}.Release|Win32.Build.0 = Release|Win32
		{1521783C-F263-47D0-8A12-F9882B2ACBA0}.Debug|Win32.ActiveCfg = Debug|Win32
		{1521783C-F263-47D0-8A12-F9882B2ACBA0}.Debug|Win32.Build.0 = Debug|Win32
		{1521783C-F263-47D0-8A12-F9882B2ACBA0}.Release|Win32.ActiveCfg = Release|Win32
		{1521783C-F263-47D0-8A12-F9882B2ACBA0}.Release|Win32.Build.0 = Release|Win32
		{056F675F-2222-4A0B-AC19-C90A892E6079}.Debug|Win32.ActiveCfg = Debug|Win32
		{056F675F-2222-4A0B-AC19-C90A892E6079}.Debug|Win32.Build.0 = Debug|Win32
		{056F675F-2222-4A0B-AC19-C90A892E6079}.Release|Win32.ActiveCfg = Release|Win32
		{056F675F-2222-4A0B-AC19-C90A892E6079}.Release|Win32.Build.0 = Release|Win32
		{546EFB3F-2D78-4B25-AFEF-0522A24E5B36}.Debug|Win32.ActiveCfg = Debug|Win32
		{546EFB3F-2D78-4B25-AFEF-0522A24E5B36}.Debug|Win32.Build.0 = Debug|Win32
		{546EFB3F-2D78-4B25-AFEF-0522A24E5B36}.Release|Win32.ActiveCfg = Release|Win32
		{546EFB3F-2D78-4B25-AFEF-0522A24E5B36}.Release|Win32.Build.0 = Release|Win32
	EndGlobalSection
	GlobalSection(SolutionProperties) = preSolution
		HideSolutionNode = FALSE
	EndGlobalSection
EndGlobal
